
Microsoft Visual Studio Solution File, Format Version 12.00
# Visual Studio Version 16
VisualStudioVersion = 16.0.30709.132
MinimumVisualStudioVersion = 10.0.40219.1
Project("{2150E333-8FDC-42A3-9474-1A3956D46DE8}") = "Solution Items", "Solution Items", "{02C57C7D-AF9C-4886-9599-7298D6C33255}"
	ProjectSection(SolutionItems) = preProject
		.editorconfig = .editorconfig
	EndProjectSection
EndProject
Project("{2150E333-8FDC-42A3-9474-1A3956D46DE8}") = "Source", "Source", "{B557A84E-FC95-4242-9FAB-7C0F606B723B}"
EndProject
Project("{FAE04EC0-301F-11D3-BF4B-00C04F79EFBC}") = "DiscordMaid.Core", "Source\DiscordMaid.Core\DiscordMaid.Core.csproj", "{1CC69441-6411-4BC4-AB3F-AC2245751B79}"
EndProject
Global
	GlobalSection(SolutionConfigurationPlatforms) = preSolution
		Debug|Any CPU = Debug|Any CPU
		Release|Any CPU = Release|Any CPU
	EndGlobalSection
	GlobalSection(ProjectConfigurationPlatforms) = postSolution
		{1CC69441-6411-4BC4-AB3F-AC2245751B79}.Debug|Any CPU.ActiveCfg = Debug|Any CPU
		{1CC69441-6411-4BC4-AB3F-AC2245751B79}.Debug|Any CPU.Build.0 = Debug|Any CPU
		{1CC69441-6411-4BC4-AB3F-AC2245751B79}.Release|Any CPU.ActiveCfg = Release|Any CPU
		{1CC69441-6411-4BC4-AB3F-AC2245751B79}.Release|Any CPU.Build.0 = Release|Any CPU
	EndGlobalSection
	GlobalSection(SolutionProperties) = preSolution
		HideSolutionNode = FALSE
	EndGlobalSection
	GlobalSection(NestedProjects) = preSolution
		{1CC69441-6411-4BC4-AB3F-AC2245751B79} = {B557A84E-FC95-4242-9FAB-7C0F606B723B}
	EndGlobalSection
	GlobalSection(ExtensibilityGlobals) = postSolution
		SolutionGuid = {BE972385-B857-4B75-B1C5-28A9D48CCA5E}
	EndGlobalSection
EndGlobal
